
Microsoft Visual Studio Solution File, Format Version 12.00
# Visual Studio Version 17
VisualStudioVersion = 17.14.36414.22 d17.14
MinimumVisualStudioVersion = 10.0.40219.1
Project("{FAE04EC0-301F-11D3-BF4B-00C04F79EFBC}") = "TerceiroProjeto", "TerceiroProjeto\TerceiroProjeto.csproj", "{4947E439-3715-4CB1-B03E-46BD07917BCE}"
EndProject
Global
	GlobalSection(SolutionConfigurationPlatforms) = preSolution
		Debug|Any CPU = Debug|Any CPU
		Release|Any CPU = Release|Any CPU
	EndGlobalSection
	GlobalSection(ProjectConfigurationPlatforms) = postSolution
		{4947E439-3715-4CB1-B03E-46BD07917BCE}.Debug|Any CPU.ActiveCfg = Debug|Any CPU
		{4947E439-3715-4CB1-B03E-46BD07917BCE}.Debug|Any CPU.Build.0 = Debug|Any CPU
		{4947E439-3715-4CB1-B03E-46BD07917BCE}.Release|Any CPU.ActiveCfg = Release|Any CPU
		{4947E439-3715-4CB1-B03E-46BD07917BCE}.Release|Any CPU.Build.0 = Release|Any CPU
	EndGlobalSection
	GlobalSection(SolutionProperties) = preSolution
		HideSolutionNode = FALSE
	EndGlobalSection
	GlobalSection(ExtensibilityGlobals) = postSolution
		SolutionGuid = {BF684BA3-8145-43A9-BADD-5C00AC8D2F3F}
	EndGlobalSection
EndGlobal
